
Microsoft Visual Studio Solution File, Format Version 12.00
# Visual Studio Version 17
VisualStudioVersion = 17.5.002.0
MinimumVisualStudioVersion = 10.0.40219.1
Project("{9A19103F-16F7-4668-BE54-9A1E7A4F7556}") = "Tanımlama, Erişim ve Döngülerle Dizi Kullanımı", "Tanımlama, Erişim ve Döngülerle Dizi Kullanımı.csproj", "{215FEB8B-9305-4E9E-8618-91C6C0106150}"
EndProject
Global
	GlobalSection(SolutionConfigurationPlatforms) = preSolution
		Debug|Any CPU = Debug|Any CPU
		Release|Any CPU = Release|Any CPU
	EndGlobalSection
	GlobalSection(ProjectConfigurationPlatforms) = postSolution
		{215FEB8B-9305-4E9E-8618-91C6C0106150}.Debug|Any CPU.ActiveCfg = Debug|Any CPU
		{215FEB8B-9305-4E9E-8618-91C6C0106150}.Debug|Any CPU.Build.0 = Debug|Any CPU
		{215FEB8B-9305-4E9E-8618-91C6C0106150}.Release|Any CPU.ActiveCfg = Release|Any CPU
		{215FEB8B-9305-4E9E-8618-91C6C0106150}.Release|Any CPU.Build.0 = Release|Any CPU
	EndGlobalSection
	GlobalSection(SolutionProperties) = preSolution
		HideSolutionNode = FALSE
	EndGlobalSection
	GlobalSection(ExtensibilityGlobals) = postSolution
		SolutionGuid = {FF5DFF25-3375-4EE8-B358-E73F589A038C}
	EndGlobalSection
EndGlobal
